{
  "nodes": {
    "nixpkgs": {
      "inputs": {
        "nixpkgs": "nixpkgs_2"
      },
      "locked": {
        "lastModified": 1784563275,
        "narHash": "sha256-CvOd1R3w/WeaOaBZvqxQNRIYZmYYsmEP+Hupb5tLeD0=",
        "owner": "numtide",
        "repo": "nixpkgs-unfree",
        "rev": "dd234d9e380ae054eb9e4c1e7bc00f04708dd8f5",
        "type": "github"
      },
      "original": {
        "owner": "numtide",
        "ref": "nixos-unstable",
        "repo": "nixpkgs-unfree",
        "type": "github"
      }
    },
    "nixpkgs_2": {
      "locked": {
        "lastModified": 0,
        "narHash": "sha256-UgCQzxeWI75XM8G+hPrPh+MKzEPjG3SpAj7dtqSbksA=",
        "path": "/nix/store/xqn9dl7vvji4mmp8h57xc39p2dp752vx-source",
        "type": "path"
      },
      "original": {
        "id": "nixpkgs",
        "type": "indirect"
      }
    },
    "root": {
      "inputs": {
        "nixpkgs": "nixpkgs"
      }
    }
  },
  "root": "root",
  "version": 7
}
